
Microsoft Visual Studio Solution File, Format Version 12.00
# Visual Studio Version 17
VisualStudioVersion = 17.11.35208.52
MinimumVisualStudioVersion = 10.0.40219.1
Project("{FAE04EC0-301F-11D3-BF4B-00C04F79EFBC}") = "LinkedList", "LinkedList\LinkedList.csproj", "{AC07EBE8-4876-4E3B-82BE-974B285C6F97}"
EndProject
Global
	GlobalSection(SolutionConfigurationPlatforms) = preSolution
		Debug|Any CPU = Debug|Any CPU
		Release|Any CPU = Release|Any CPU
	EndGlobalSection
	GlobalSection(ProjectConfigurationPlatforms) = postSolution
		{AC07EBE8-4876-4E3B-82BE-974B285C6F97}.Debug|Any CPU.ActiveCfg = Debug|Any CPU
		{AC07EBE8-4876-4E3B-82BE-974B285C6F97}.Debug|Any CPU.Build.0 = Debug|Any CPU
		{AC07EBE8-4876-4E3B-82BE-974B285C6F97}.Release|Any CPU.ActiveCfg = Release|Any CPU
		{AC07EBE8-4876-4E3B-82BE-974B285C6F97}.Release|Any CPU.Build.0 = Release|Any CPU
	EndGlobalSection
	GlobalSection(SolutionProperties) = preSolution
		HideSolutionNode = FALSE
	EndGlobalSection
	GlobalSection(ExtensibilityGlobals) = postSolution
		SolutionGuid = {591CCFCC-9211-4D34-B293-4F609D10D4AA}
	EndGlobalSection
EndGlobal
